{
  "name": "conway",
  "lockfileVersion": 2,
  "requires": true,
  "packages": {
    "": {
      "dependencies": {
        "rle-decoder": "^1.0.1"
      }
    },
    "node_modules/rle-decoder": {
      "version": "1.0.1",
      "resolved": "https://registry.npmjs.org/rle-decoder/-/rle-decoder-1.0.1.tgz",
      "integrity": "sha512-L829OVpe3Q9f/BMqjRABa6hqJ+lRE1IYsxMA56Q8MqWt0H88QruUNANjSuqRxXBZkABV9I+SYY2jgUDjsSLN6Q=="
    }
  },
  "dependencies": {
    "rle-decoder": {
      "version": "1.0.1",
      "resolved": "https://registry.npmjs.org/rle-decoder/-/rle-decoder-1.0.1.tgz",
      "integrity": "sha512-L829OVpe3Q9f/BMqjRABa6hqJ+lRE1IYsxMA56Q8MqWt0H88QruUNANjSuqRxXBZkABV9I+SYY2jgUDjsSLN6Q=="
    }
  }
}
